[[package]]
category = "main"
description = "AWS Access Policy Language creation library"
name = "awacs"
optional = false
platform = "*"
python-versions = "*"
version = "0.8.2"

[[package]]
category = "main"
description = "The AWS SDK for Python"
name = "boto3"
optional = false
platform = "*"
python-versions = "*"
version = "1.7.75"

[package.dependencies]
botocore = ">=1.10.75,<1.11.0"
jmespath = ">=0.7.1,<1.0.0"
s3transfer = ">=0.1.10,<0.2.0"

[[package]]
category = "main"
description = "Low-level, data-driven core of boto 3."
name = "botocore"
optional = false
platform = "*"
python-versions = "*"
version = "1.10.75"

[package.dependencies]
docutils = ">=0.10"
jmespath = ">=0.7.1,<1.0.0"

[[package.dependencies.python-dateutil]]
python = ">=2.7"
version = ">=2.1,<3.0.0"

[[package.dependencies.python-dateutil]]
python = ">=2.6,<2.7"
version = ">=2.1,<2.7.0"

[package.dependencies.ordereddict]
python = ">=2.6,<2.7"
version = "1.1"

[package.dependencies.simplejson]
python = ">=2.6,<2.7"
version = "3.3.0"

[[package]]
category = "main"
description = "Convert AWS CloudFormation templates between JSON and YAML formats"
name = "cfn-flip"
optional = false
platform = "*"
python-versions = "*"
version = "1.0.3"

[package.dependencies]
Click = "*"
PyYAML = "*"
six = "*"

[[package]]
category = "main"
description = "A simple wrapper around optparse for powerful command line utilities."
name = "click"
optional = false
platform = "*"
python-versions = "*"
version = "6.7"

[[package]]
category = "dev"
description = "This library brings the updated configparser from Python 3.5 to Python 2.6-3.5."
name = "configparser"
optional = false
platform = "any"
python-versions = "*"
version = "3.5.0"

[package.requirements]
python = "<3.2"

[[package]]
category = "main"
description = "Docutils -- Python Documentation Utilities"
name = "docutils"
optional = false
platform = "OS-independent"
python-versions = "*"
version = "0.14"

[[package]]
category = "dev"
description = "Python 3.4 Enum backported to 3.3, 3.2, 3.1, 2.7, 2.6, 2.5, and 2.4"
name = "enum34"
optional = false
platform = "UNKNOWN"
python-versions = "*"
version = "1.1.6"

[package.requirements]
python = "<3.4"

[[package]]
category = "dev"
description = "the modular source code checker: pep8, pyflakes and co"
name = "flake8"
optional = false
platform = "*"
python-versions = "*"
version = "3.5.0"

[package.dependencies]
mccabe = ">=0.6.0,<0.7.0"
pycodestyle = ">=2.0.0,<2.4.0"
pyflakes = ">=1.5.0,<1.7.0"

[package.dependencies.configparser]
python = "<3.2"
version = "*"

[package.dependencies.enum34]
python = "<3.4"
version = "*"

[[package]]
category = "main"
description = "An implementation of Apache Ant FileSet and Globs"
name = "formic2"
optional = false
platform = "*"
python-versions = ">=2.6, <4"
version = "1.0.3"

[[package]]
category = "dev"
description = "Python function signatures from PEP362 for Python 2.6, 2.7 and 3.2+"
name = "funcsigs"
optional = false
platform = "UNKNOWN"
python-versions = "*"
version = "1.0.2"

[package.dependencies]
[package.dependencies.ordereddict]
python = "<2.7"
version = "*"

[package.requirements]
python = "<3.3"

[[package]]
category = "main"
description = "Clean single-source support for Python 3 and 2"
name = "future"
optional = false
platform = "UNKNOWN"
python-versions = "*"
version = "0.16.0"

[[package]]
category = "main"
description = "Backport of the concurrent.futures package from Python 3"
name = "futures"
optional = false
platform = "*"
python-versions = ">=2.6, <3"
version = "3.2.0"

[package.requirements]
python = ">=2.6,<2.8"

[[package]]
category = "main"
description = "Git Object Database"
name = "gitdb2"
optional = false
platform = "*"
python-versions = "*"
version = "2.0.4"

[package.dependencies]
smmap2 = ">=2.0.0"

[[package]]
category = "main"
description = "Python Git Library"
name = "gitpython"
optional = false
platform = "*"
python-versions = ">=2.6, !=3.0.*, !=3.1.*, !=3.2.*"
version = "2.1.8"

[package.dependencies]
gitdb2 = ">=2.0.0"

[[package]]
category = "main"
description = "JSON Matching Expressions"
name = "jmespath"
optional = false
platform = "UNKNOWN"
python-versions = "*"
version = "0.9.3"

[[package]]
category = "dev"
description = "McCabe checker, plugin for flake8"
name = "mccabe"
optional = false
platform = "*"
python-versions = "*"
version = "0.6.1"

[[package]]
category = "dev"
description = "Rolling backport of unittest.mock for all Pythons"
name = "mock"
optional = false
platform = "UNKNOWN"
python-versions = "*"
version = "2.0.0"

[package.dependencies]
pbr = ">=0.11"
six = ">=1.9"

[package.dependencies.funcsigs]
python = "<3.3"
version = ">=1"

[[package]]
category = "dev"
description = "nose extends unittest to make testing easier"
name = "nose"
optional = false
platform = "UNKNOWN"
python-versions = "*"
version = "1.3.7"

[[package]]
category = "main"
description = "A drop-in substitute for Py2.7's new collections.OrderedDict that works in Python 2.4-2.6."
name = "ordereddict"
optional = false
platform = "UNKNOWN"
python-versions = "*"
version = "1.1"

[package.requirements]
python = "<2.7"

[[package]]
category = "dev"
description = "Python Build Reasonableness"
name = "pbr"
optional = false
platform = "*"
python-versions = "*"
version = "4.2.0"

[[package]]
category = "dev"
description = "Python style guide checker"
name = "pycodestyle"
optional = false
platform = "*"
python-versions = "*"
version = "2.3.1"

[[package]]
category = "dev"
description = "passive checker of Python programs"
name = "pyflakes"
optional = false
platform = "*"
python-versions = "*"
version = "1.6.0"

[[package]]
category = "main"
description = "Extensions to the standard Python datetime module"
name = "python-dateutil"
optional = false
platform = "*"
python-versions = "*"
version = "2.6.1"

[package.dependencies]
six = ">=1.5"

[[package]]
category = "main"
description = "YAML parser and emitter for Python"
name = "pyyaml"
optional = false
platform = "Any"
python-versions = "*"
version = "3.13"

[[package]]
category = "main"
description = "An Amazon S3 Transfer Manager"
name = "s3transfer"
optional = false
platform = "*"
python-versions = "*"
version = "0.1.13"

[package.dependencies]
botocore = ">=1.3.0,<2.0.0"

[package.dependencies.futures]
python = ">=2.6,<2.8"
version = ">=2.2.0,<4.0.0"

[[package]]
category = "main"
description = "Python Data Structures for Humans"
name = "schematics"
optional = false
platform = "UNKNOWN"
python-versions = "*"
version = "2.0.1"

[[package]]
category = "main"
description = "Simple, fast, extensible JSON encoder/decoder for Python"
name = "simplejson"
optional = false
platform = "any"
python-versions = "*"
version = "3.3.0"

[package.requirements]
python = ">=2.6,<2.7"

[[package]]
category = "main"
description = "Python 2 and 3 compatibility utilities"
name = "six"
optional = false
platform = "*"
python-versions = "*"
version = "1.11.0"

[[package]]
category = "main"
description = "A pure python implementation of a sliding window memory map manager"
name = "smmap2"
optional = false
platform = "any"
python-versions = "*"
version = "2.0.4"

[[package]]
category = "main"
description = "AWS CloudFormation Stack manager"
name = "stacker"
optional = false
platform = "*"
python-versions = "*"
version = "1.4.0"

[package.dependencies]
PyYAML = ">=3.12"
awacs = ">=0.6.0"
boto3 = ">=1.3.1"
botocore = ">=1.6.0"
formic2 = "*"
future = "*"
gitpython = ">=2.0,<3.0"
python-dateutil = ">=2.0,<3.0"
schematics = ">=2.0.0,<2.1.0"
troposphere = ">=1.9.0"

[[package]]
category = "main"
description = ""
name = "stacker-blueprints"
optional = false
platform = "*"
python-versions = "*"
version = "1.0.7"

[package.dependencies]
awacs = ">=0.8.0"
python-dateutil = "<3.0.0"
stacker = ">=1.0.1"
troposphere = ">=2.2.2"

[package.source]
reference = "ee1ab8ef0e9a2e3e905c1af83682180a9ab01df8"
type = "git"
url = "https://github.com/cloudtools/stacker_blueprints.git"

[[package]]
category = "main"
description = "AWS CloudFormation creation library"
name = "troposphere"
optional = false
platform = "*"
python-versions = "*"
version = "2.3.1"

[package.dependencies]
cfn_flip = ">=1.0.2"

[metadata]
content-hash = "34f464d86f029c87a6b5698651f8e22d3a737d28b9f185cbb48fd22f5a9c2a64"
platform = "*"
python-versions = "*"

[metadata.hashes]
awacs = ["1109030b492627f4ec319bf23bc6d4ef1ddb9c648568339e98e23f7f7915714b"]
boto3 = ["9ed1461b5b5566100eaaaf9406111e0613cd42e580ed737d9ec4224c31cad1f8", "bb672601668a78ccbb3abdcea6b623e960b9db31e880dae5cc1fb7a7cf933e21"]
botocore = ["82055917cb431c1cee7c737189a170cc92ffc3824a6da504e8d3ff4df9fa2eab", "a288a894af5e0b2e9709d29d04536a01b9dfefd2d9d4ebac5c7d104103e6873d"]
cfn-flip = ["9c61039c71995ab204c005ec46d47d0f7a109e9f1b6d63569397f8bc648a8151"]
click = ["29f99fc6125fbc931b758dc053b3114e55c77a6e4c6c3a2674a2dc986016381d", "f15516df478d5a56180fbf80e68f206010e6d160fc39fa508b65e035fd75130b"]
configparser = ["5308b47021bc2340965c371f0f058cc6971a04502638d4244225c49d80db273a"]
docutils = ["02aec4bd92ab067f6ff27a38a38a41173bf01bed8f89157768c1573f53e474a6", "51e64ef2ebfb29cae1faa133b3710143496eca21c530f3f71424d77687764274", "7a4bd47eaf6596e1295ecb11361139febe29b084a87bf005bf899f9a42edc3c6"]
enum34 = ["2d81cbbe0e73112bdfe6ef8576f2238f2ba27dd0d55752a776c41d38b7da2850", "644837f692e5f550741432dd3f223bbb9852018674981b1664e5dc339387588a", "6bd0f6ad48ec2aa117d3d141940d484deccda84d4fcd884f5c3d93c23ecd8c79", "8ad8c4783bf61ded74527bffb48ed9b54166685e4230386a9ed9b1279e2df5b1"]
flake8 = ["7253265f7abd8b313e3892944044a365e3f4ac3fcdcfb4298f55ee9ddf188ba0", "c7841163e2b576d435799169b78703ad6ac1bbb0f199994fc05f700b2a90ea37"]
formic2 = ["0897c188b7d182525de12bc9c0c1472b88856a9d87884f7c38717f8393366c61", "21bedd18fbd9010638b7449c7ce008b424a5f8835c224b81fbd07f666bfc6808", "94abc00d86403585ad4991dd59a66cadbc9a49143e965e20319d1e44ef030a87"]
funcsigs = ["330cc27ccbf7f1e992e69fef78261dc7c6569012cf397db8d3de0234e6c937ca", "a7bb0f2cf3a3fd1ab2732cb49eba4252c2af4240442415b4abce3b87022a8f50"]
future = ["e39ced1ab767b5936646cedba8bcce582398233d6a627067d4c6a454c90cfedb"]
futures = ["9ec02aa7d674acb8618afb127e27fde7fc68994c0437ad759fa094a574adb265", "ec0a6cb848cc212002b9828c3e34c675e0c9ff6741dc445cab6fdd4e1085d1f1"]
gitdb2 = ["87783b7f4a8f6b71c7fe81d32179b3c8781c1a7d6fa0c69bff2f315b00aff4f8", "bb4c85b8a58531c51373c89f92163b92f30f81369605a67cd52d1fc21246c044"]
gitpython = ["ad61bc25deadb535b047684d06f3654c001d9415e1971e51c9c20f5b510076e9", "b8367c432de995dc330b5b146c5bfdc0926b8496e100fda6692134e00c0dcdc5"]
jmespath = ["6a81d4c9aa62caf061cb517b4d9ad1dd300374cd4706997aff9cd6aedd61fc64", "f11b4461f425740a1d908e9a3f7365c3d2e569f6ca68a2ff8bc5bcd9676edd63"]
mccabe = ["ab8a6258860da4b6677da4bd2fe5dc2c659cff31b3ee4f7f5d64e79735b80d42", "dd8d182285a0fe56bace7f45b5e7d1a6ebcbf524e8f3bd87eb0f125271b8831f"]
mock = ["5ce3c71c5545b472da17b72268978914d0252980348636840bd34a00b5cc96c1", "b158b6df76edd239b8208d481dc46b6afd45a846b7812ff0ce58971cf5bc8bba"]
nose = ["9ff7c6cc443f8c51994b34a667bbcf45afd6d945be7477b52e97516fd17c53ac", "dadcddc0aefbf99eea214e0f1232b94f2fa9bd98fa8353711dacb112bfcbbb2a", "f1bffef9cbc82628f6e7d7b40d7e255aefaa1adb6a1b1d26c69a8b79e6208a98"]
ordereddict = ["1c35b4ac206cef2d24816c89f89cf289dd3d38cf7c449bb3fab7bf6d43f01b1f"]
pbr = ["1b8be50d938c9bb75d0eaf7eda111eec1bf6dc88a62a6412e33bf077457e0f45", "b486975c0cafb6beeb50ca0e17ba047647f229087bd74e37f4a7e2cac17d2caa"]
pycodestyle = ["682256a5b318149ca0d2a9185d365d8864a768a28db66a84a2ea946bcc426766", "6c4245ade1edfad79c3446fadfc96b0de2759662dc29d07d80a6f27ad1ca6ba9"]
pyflakes = ["08bd6a50edf8cffa9fa09a463063c425ecaaf10d1eb0335a7e8b1401aef89e6f", "8d616a382f243dbf19b54743f280b80198be0bca3a5396f1d2e1fca6223e8805"]
python-dateutil = ["891c38b2a02f5bb1be3e4793866c8df49c7d19baabf9c1bad62547e0b4866aca", "95511bae634d69bc7329ba55e646499a842bc4ec342ad54a8cdb65645a0aad3c"]
pyyaml = ["3d7da3009c0f3e783b2c873687652d83b1bbfd5c88e9813fb7e5b03c0dd3108b", "3ef3092145e9b70e3ddd2c7ad59bdd0252a94dfe3949721633e41344de00a6bf", "40c71b8e076d0550b2e6380bada1f1cd1017b882f7e16f09a65be98e017f211a", "558dd60b890ba8fd982e05941927a3911dc409a63dcb8b634feaa0cda69330d3", "a7c28b45d9f99102fa092bb213aa12e0aaf9a6a1f5e395d36166639c1f96c3a1", "aa7dd4a6a427aed7df6fb7f08a580d68d9b118d90310374716ae90b710280af1", "bc558586e6045763782014934bfaf39d48b8ae85a2713117d16c39864085c613", "d46d7982b62e0729ad0175a9bc7e10a566fc07b224d2c79fafb5e032727eaa04", "d5eef459e30b09f5a098b9cea68bebfeb268697f78d647bd255a085371ac7f3f", "e01d3203230e1786cd91ccfdc8f8454c8069c91bee3962ad93b87a4b2860f537", "e170a9e6fcfd19021dd29845af83bb79236068bf5fd4df3327c1be18182b2531"]
s3transfer = ["90dc18e028989c609146e241ea153250be451e05ecc0c2832565231dacdf59c1", "c7a9ec356982d5e9ab2d4b46391a7d6a950e2b04c472419f5fdec70cc0ada72f"]
schematics = ["d9798a9ba0e1e1f2bde4a15780baa95ed66f748fa52d22bb89893d66ad0fac55", "eaecac4ae5a86faa111f16befa26510bc66dc093c52df200f3aad54459e39640"]
simplejson = ["7a8a6bd82e111976aeb06138316ab10847adf612925072eaff8512228bcf9a1f"]
six = ["70e8a77beed4562e7f14fe23a786b54f6296e34344c23bc42f07b15018ff98e9", "832dc0e10feb1aa2c68dcc57dbb658f1c7e65b9b61af69048abc87a2db00a0eb"]
smmap2 = ["0dd53d991af487f9b22774fa89451358da3607c02b9b886a54736c6a313ece0b", "dc216005e529d57007ace27048eb336dcecb7fc413cfb3b2f402bb25972b69c6"]
stacker = ["99a082592d44ea1fb634973afb152057388691ab4ed9a6dd8efb119917845bb1"]
stacker-blueprints = []
troposphere = ["aecc32359326634c9911ae4bea05d308822b827787926dcc038c153410ce380b"]
